{
  "pins" : [
    {
      "identity" : "ios-bluegps-sdk-public",
      "kind" : "remoteSourceControl",
      "location" : "https://github.com/synapseslab/ios-bluegps-sdk-public",
      "state" : {
        "revision" : "d3997d314c473f46bd8498bf7529d10956167471",
        "version" : "1.0.90"
      }
    }
  ],
  "version" : 2
}
