{
  "pins" : [
    {
      "identity" : "ios-bluegps-sdk-public",
      "kind" : "remoteSourceControl",
      "location" : "https://github.com/synapseslab/ios-bluegps-sdk-public",
      "state" : {
        "revision" : "b80cf7b6b682142d3beb154234668e5d39a01ec7",
        "version" : "1.0.89"
      }
    }
  ],
  "version" : 2
}
